// !$*UTF8*$!
{
	archiveVersion = 1;
	classes = {
	};
	objectVersion = 50;
	objects = {

/* Begin PBXBuildFile section */
		26FF32A224206B3E0076F240 /* AppDelegate.swift in Sources */ = {isa = PBXBuildFile; fileRef = 26FF32A124206B3E0076F240 /* AppDelegate.swift */; };
		26FF32A424206B3E0076F240 /* SceneDelegate.swift in Sources */ = {isa = PBXBuildFile; fileRef = 26FF32A324206B3E0076F240 /* SceneDelegate.swift */; };
		26FF32A624206B3E0076F240 /* ViewController.swift in Sources */ = {isa = PBXBuildFile; fileRef = 26FF32A524206B3E0076F240 /* ViewController.swift */; };
		26FF32A924206B3E0076F240 /* Main.storyboard in Resources */ = {isa = PBXBuildFile; fileRef = 26FF32A724206B3E0076F240 /* Main.storyboard */; };
		26FF32AB24206B400076F240 /* Assets.xcassets in Resources */ = {isa = PBXBuildFile; fileRef = 26FF32AA24206B400076F240 /* Assets.xcassets */; };
		26FF32AE24206B400076F240 /* LaunchScreen.storyboard in Resources */ = {isa = PBXBuildFile; fileRef = 26FF32AC24206B400076F240 /* LaunchScreen.storyboard */; };
/* End PBXBuildFile section */

/* Begin PBXFileReference section */
		26FF329E24206B3E0076F240 /* ExtraCredit-FoodPriceArray-Hua-Lu.app */ = {isa = PBXFileReference; explicitFileType = wrapper.application; includeInIndex = 0; path = "ExtraCredit-FoodPriceArray-Hua-Lu.app"; sourceTree = BUILT_PRODUCTS_DIR; };
		26FF32A124206B3E0076F240 /* AppDelegate.swift */ = {isa = PBXFileReference; lastKnownFileType = sourcecode.swift; path = AppDelegate.swift; sourceTree = "<group>"; };
		26FF32A324206B3E0076F240 /* SceneDelegate.swift */ = {isa = PBXFileReference; lastKnownFileType = sourcecode.swift; path = SceneDelegate.swift; sourceTree = "<group>"; };
		26FF32A524206B3E0076F240 /* ViewController.swift */ = {isa = PBXFileReference; lastKnownFileType = sourcecode.swift; path = ViewController.swift; sourceTree = "<group>"; };
		26FF32A824206B3E0076F240 /* Base */ = {isa = PBXFileReference; lastKnownFileType = file.storyboard; name = Base; path = Base.lproj/Main.storyboard; sourceTree = "<group>"; };
		26FF32AA24206B400076F240 /* Assets.xcassets */ = {isa = PBXFileReference; lastKnownFileType = folder.assetcatalog; path = Assets.xcassets; sourceTree = "<group>"; };
		26FF32AD24206B400076F240 /* Base */ = {isa = PBXFileReference; lastKnownFileType = file.storyboard; name = Base; path = Base.lproj/LaunchScreen.storyboard; sourceTree = "<group>"; };
		26FF32AF24206B400076F240 /* Info.plist */ = {isa = PBXFileReference; lastKnownFileType = text.plist.xml; path = Info.plist; sourceTree = "<group>"; };
/* End PBXFileReference section */

/* Begin PBXFrameworksBuildPhase section */
		26FF329B24206B3E0076F240 /* Frameworks */ = {
			isa = PBXFrameworksBuildPhase;
			buildActionMask = 2147483647;
			files = (
			);
			runOnlyForDeploymentPostprocessing = 0;
		};
/* End PBXFrameworksBuildPhase section */

/* Begin PBXGroup section */
		26FF329524206B3E0076F240 = {
			isa = PBXGroup;
			children = (
				26FF32A024206B3E0076F240 /* ExtraCredit-FoodPriceArray-Hua-Lu */,
				26FF329F24206B3E0076F240 /* Products */,
			);
			sourceTree = "<group>";
		};
		26FF329F24206B3E0076F240 /* Products */ = {
			isa = PBXGroup;
			children = (
				26FF329E24206B3E0076F240 /* ExtraCredit-FoodPriceArray-Hua-Lu.app */,
			);
			name = Products;
			sourceTree = "<group>";
		};
		26FF32A024206B3E0076F240 /* ExtraCredit-FoodPriceArray-Hua-Lu */ = {
			isa = PBXGroup;
			children = (
				26FF32A124206B3E0076F240 /* AppDelegate.swift */,
				26FF32A324206B3E0076F240 /* SceneDelegate.swift */,
				26FF32A524206B3E0076F240 /* ViewController.swift */,
				26FF32A724206B3E0076F240 /* Main.storyboard */,
				26FF32AA24206B400076F240 /* Assets.xcassets */,
				26FF32AC24206B400076F240 /* LaunchScreen.storyboard */,
				26FF32AF24206B400076F240 /* Info.plist */,
			);
			path = "ExtraCredit-FoodPriceArray-Hua-Lu";
			sourceTree = "<group>";
		};
/* End PBXGroup section */

/* Begin PBXNativeTarget section */
		26FF329D24206B3E0076F240 /* ExtraCredit-FoodPriceArray-Hua-Lu */ = {
			isa = PBXNativeTarget;
			buildConfigurationList = 26FF32B224206B400076F240 /* Build configuration list for PBXNativeTarget "ExtraCredit-FoodPriceArray-Hua-Lu" */;
			buildPhases = (
				26FF329A24206B3E0076F240 /* Sources */,
				26FF329B24206B3E0076F240 /* Frameworks */,
				26FF329C24206B3E0076F240 /* Resources */,
			);
			buildRules = (
			);
			dependencies = (
			);
			name = "ExtraCredit-FoodPriceArray-Hua-Lu";
			productName = "ExtraCredit-FoodPriceArray-Hua-Lu";
			productReference = 26FF329E24206B3E0076F240 /* ExtraCredit-FoodPriceArray-Hua-Lu.app */;
			productType = "com.apple.product-type.application";
		};
/* End PBXNativeTarget section */

/* Begin PBXProject section */
		26FF329624206B3E0076F240 /* Project object */ = {
			isa = PBXProject;
			attributes = {
				LastSwiftUpdateCheck = 1130;
				LastUpgradeCheck = 1130;
				ORGANIZATIONNAME = "Hua Lu";
				TargetAttributes = {
					26FF329D24206B3E0076F240 = {
						CreatedOnToolsVersion = 11.3.1;
					};
				};
			};
			buildConfigurationList = 26FF329924206B3E0076F240 /* Build configuration list for PBXProject "ExtraCredit-FoodPriceArray-Hua-Lu" */;
			compatibilityVersion = "Xcode 9.3";
			developmentRegion = en;
			hasScannedForEncodings = 0;
			knownRegions = (
				en,
				Base,
			);
			mainGroup = 26FF329524206B3E0076F240;
			productRefGroup = 26FF329F24206B3E0076F240 /* Products */;
			projectDirPath = "";
			projectRoot = "";
			targets = (
				26FF329D24206B3E0076F240 /* ExtraCredit-FoodPriceArray-Hua-Lu */,
			);
		};
/* End PBXProject section */

/* Begin PBXResourcesBuildPhase section */
		26FF329C24206B3E0076F240 /* Resources */ = {
			isa = PBXResourcesBuildPhase;
			buildActionMask = 2147483647;
			files = (
				26FF32AE24206B400076F240 /* LaunchScreen.storyboard in Resources */,
				26FF32AB24206B400076F240 /* Assets.xcassets in Resources */,
				26FF32A924206B3E0076F240 /* Main.storyboard in Resources */,
			);
			runOnlyForDeploymentPostprocessing = 0;
		};
/* End PBXResourcesBuildPhase section */

/* Begin PBXSourcesBuildPhase section */
		26FF329A24206B3E0076F240 /* Sources */ = {
			isa = PBXSourcesBuildPhase;
			buildActionMask = 2147483647;
			files = (
				26FF32A624206B3E0076F240 /* ViewController.swift in Sources */,
				26FF32A224206B3E0076F240 /* AppDelegate.swift in Sources */,
				26FF32A424206B3E0076F240 /* SceneDelegate.swift in Sources */,
			);
			runOnlyForDeploymentPostprocessing = 0;
		};
/* End PBXSourcesBuildPhase section */

/* Begin PBXVariantGroup section */
		26FF32A724206B3E0076F240 /* Main.storyboard */ = {
			isa = PBXVariantGroup;
			children = (
				26FF32A824206B3E0076F240 /* Base */,
			);
			name = Main.storyboard;
			sourceTree = "<group>";
		};
		26FF32AC24206B400076F240 /* LaunchScreen.storyboard */ = {
			isa = PBXVariantGroup;
			children = (
				26FF32AD24206B400076F240 /* Base */,
			);
			name = LaunchScreen.storyboard;
			sourceTree = "<group>";
		};
/* End PBXVariantGroup section */

/* Begin XCBuildConfiguration section */
		26FF32B024206B400076F240 /* Debug */ = {
			isa = XCBuildConfiguration;
			buildSettings = {
				ALWAYS_SEARCH_USER_PATHS = NO;
				CLANG_ANALYZER_NONNULL = YES;
				CLANG_ANALYZER_NUMBER_OBJECT_CONVERSION = YES_AGGRESSIVE;
				CLANG_CXX_LANGUAGE_STANDARD = "gnu++14";
				CLANG_CXX_LIBRARY = "libc++";
				CLANG_ENABLE_MODULES = YES;
				CLANG_ENABLE_OBJC_ARC = YES;
				CLANG_ENABLE_OBJC_WEAK = YES;
				CLANG_WARN_BLOCK_CAPTURE_AUTORELEASING = YES;
				CLANG_WARN_BOOL_CONVERSION = YES;
				CLANG_WARN_COMMA = YES;
				CLANG_WARN_CONSTANT_CONVERSION = YES;
				CLANG_WARN_DEPRECATED_OBJC_IMPLEMENTATIONS = YES;
				CLANG_WARN_DIRECT_OBJC_ISA_USAGE = YES_ERROR;
				CLANG_WARN_DOCUMENTATION_COMMENTS = YES;
				CLANG_WARN_EMPTY_BODY = YES;
				CLANG_WARN_ENUM_CONVERSION = YES;
				CLANG_WARN_INFINITE_RECURSION = YES;
				CLANG_WARN_INT_CONVERSION = YES;
				CLANG_WARN_NON_LITERAL_NULL_CONVERSION = YES;
				CLANG_WARN_OBJC_IMPLICIT_RETAIN_SELF = YES;
				CLANG_WARN_OBJC_LITERAL_CONVERSION = YES;
				CLANG_WARN_OBJC_ROOT_CLASS = YES_ERROR;
				CLANG_WARN_RANGE_LOOP_ANALYSIS = YES;
				CLANG_WARN_STRICT_PROTOTYPES = YES;
				CLANG_WARN_SUSPICIOUS_MOVE = YES;
				CLANG_WARN_UNGUARDED_AVAILABILITY = YES_AGGRESSIVE;
				CLANG_WARN_UNREACHABLE_CODE = YES;
				CLANG_WARN__DUPLICATE_METHOD_MATCH = YES;
				COPY_PHASE_STRIP = NO;
				DEBUG_INFORMATION_FORMAT = dwarf;
				ENABLE_STRICT_OBJC_MSGSEND = YES;
				ENABLE_TESTABILITY = YES;
				GCC_C_LANGUAGE_STANDARD = gnu11;
				GCC_DYNAMIC_NO_PIC = NO;
				GCC_NO_COMMON_BLOCKS = YES;
				GCC_OPTIMIZATION_LEVEL = 0;
				GCC_PREPROCESSOR_DEFINITIONS = (
					"DEBUG=1",
					"$(inherited)",
				);
				GCC_WARN_64_TO_32_BIT_CONVERSION = YES;
				GCC_WARN_ABOUT_RETURN_TYPE = YES_ERROR;
				GCC_WARN_UNDECLARED_SELECTOR = YES;
				GCC_WARN_UNINITIALIZED_AUTOS = YES_AGGRESSIVE;
				GCC_WARN_UNUSED_FUNCTION = YES;
				GCC_WARN_UNUSED_VARIABLE = YES;
				IPHONEOS_DEPLOYMENT_TARGET = 13.2;
				MTL_ENABLE_DEBUG_INFO = INCLUDE_SOURCE;
				MTL_FAST_MATH = YES;
				ONLY_ACTIVE_ARCH = YES;
				SDKROOT = iphoneos;
				SWIFT_ACTIVE_COMPILATION_CONDITIONS = DEBUG;
				SWIFT_OPTIMIZATION_LEVEL = "-Onone";
			};
			name = Debug;
		};
		26FF32B124206B400076F240 /* Release */ = {
			isa = XCBuildConfiguration;
			buildSettings = {
				ALWAYS_SEARCH_USER_PATHS = NO;
				CLANG_ANALYZER_NONNULL = YES;
				CLANG_ANALYZER_NUMBER_OBJECT_CONVERSION = YES_AGGRESSIVE;
				CLANG_CXX_LANGUAGE_STANDARD = "gnu++14";
				CLANG_CXX_LIBRARY = "libc++";
				CLANG_ENABLE_MODULES = YES;
				CLANG_ENABLE_OBJC_ARC = YES;
				CLANG_ENABLE_OBJC_WEAK = YES;
				CLANG_WARN_BLOCK_CAPTURE_AUTORELEASING = YES;
				CLANG_WARN_BOOL_CONVERSION = YES;
				CLANG_WARN_COMMA = YES;
				CLANG_WARN_CONSTANT_CONVERSION = YES;
				CLANG_WARN_DEPRECATED_OBJC_IMPLEMENTATIONS = YES;
				CLANG_WARN_DIRECT_OBJC_ISA_USAGE = YES_ERROR;
				CLANG_WARN_DOCUMENTATION_COMMENTS = YES;
				CLANG_WARN_EMPTY_BODY = YES;
				CLANG_WARN_ENUM_CONVERSION = YES;
				CLANG_WARN_INFINITE_RECURSION = YES;
				CLANG_WARN_INT_CONVERSION = YES;
				CLANG_WARN_NON_LITERAL_NULL_CONVERSION = YES;
				CLANG_WARN_OBJC_IMPLICIT_RETAIN_SELF = YES;
				CLANG_WARN_OBJC_LITERAL_CONVERSION = YES;
				CLANG_WARN_OBJC_ROOT_CLASS = YES_ERROR;
				CLANG_WARN_RANGE_LOOP_ANALYSIS = YES;
				CLANG_WARN_STRICT_PROTOTYPES = YES;
				CLANG_WARN_SUSPICIOUS_MOVE = YES;
				CLANG_WARN_UNGUARDED_AVAILABILITY = YES_AGGRESSIVE;
				CLANG_WARN_UNREACHABLE_CODE = YES;
				CLANG_WARN__DUPLICATE_METHOD_MATCH = YES;
				COPY_PHASE_STRIP = NO;
				DEBUG_INFORMATION_FORMAT = "dwarf-with-dsym";
				ENABLE_NS_ASSERTIONS = NO;
				ENABLE_STRICT_OBJC_MSGSEND = YES;
				GCC_C_LANGUAGE_STANDARD = gnu11;
				GCC_NO_COMMON_BLOCKS = YES;
				GCC_WARN_64_TO_32_BIT_CONVERSION = YES;
				GCC_WARN_ABOUT_RETURN_TYPE = YES_ERROR;
				GCC_WARN_UNDECLARED_SELECTOR = YES;
				GCC_WARN_UNINITIALIZED_AUTOS = YES_AGGRESSIVE;
				GCC_WARN_UNUSED_FUNCTION = YES;
				GCC_WARN_UNUSED_VARIABLE = YES;
				IPHONEOS_DEPLOYMENT_TARGET = 13.2;
				MTL_ENABLE_DEBUG_INFO = NO;
				MTL_FAST_MATH = YES;
				SDKROOT = iphoneos;
				SWIFT_COMPILATION_MODE = wholemodule;
				SWIFT_OPTIMIZATION_LEVEL = "-O";
				VALIDATE_PRODUCT = YES;
			};
			name = Release;
		};
		26FF32B324206B400076F240 /* Debug */ = {
			isa = XCBuildConfiguration;
			buildSettings = {
				ASSETCATALOG_COMPILER_APPICON_NAME = AppIcon;
				CODE_SIGN_STYLE = Automatic;
				DEVELOPMENT_TEAM = YS5YR4XRC8;
				INFOPLIST_FILE = "ExtraCredit-FoodPriceArray-Hua-Lu/Info.plist";
				LD_RUNPATH_SEARCH_PATHS = (
					"$(inherited)",
					"@executable_path/Frameworks",
				);
				PRODUCT_BUNDLE_IDENTIFIER = "com.hualu.ExtraCredit-FoodPriceArray-Hua-Lu";
				PRODUCT_NAME = "$(TARGET_NAME)";
				SWIFT_VERSION = 5.0;
				TARGETED_DEVICE_FAMILY = "1,2";
			};
			name = Debug;
		};
		26FF32B424206B400076F240 /* Release */ = {
			isa = XCBuildConfiguration;
			buildSettings = {
				ASSETCATALOG_COMPILER_APPICON_NAME = AppIcon;
				CODE_SIGN_STYLE = Automatic;
				DEVELOPMENT_TEAM = YS5YR4XRC8;
				INFOPLIST_FILE = "ExtraCredit-FoodPriceArray-Hua-Lu/Info.plist";
				LD_RUNPATH_SEARCH_PATHS = (
					"$(inherited)",
					"@executable_path/Frameworks",
				);
				PRODUCT_BUNDLE_IDENTIFIER = "com.hualu.ExtraCredit-FoodPriceArray-Hua-Lu";
				PRODUCT_NAME = "$(TARGET_NAME)";
				SWIFT_VERSION = 5.0;
				TARGETED_DEVICE_FAMILY = "1,2";
			};
			name = Release;
		};
/* End XCBuildConfiguration section */

/* Begin XCConfigurationList section */
		26FF329924206B3E0076F240 /* Build configuration list for PBXProject "ExtraCredit-FoodPriceArray-Hua-Lu" */ = {
			isa = XCConfigurationList;
			buildConfigurations = (
				26FF32B024206B400076F240 /* Debug */,
				26FF32B124206B400076F240 /* Release */,
			);
			defaultConfigurationIsVisible = 0;
			defaultConfigurationName = Release;
		};
		26FF32B224206B400076F240 /* Build configuration list for PBXNativeTarget "ExtraCredit-FoodPriceArray-Hua-Lu" */ = {
			isa = XCConfigurationList;
			buildConfigurations = (
				26FF32B324206B400076F240 /* Debug */,
				26FF32B424206B400076F240 /* Release */,
			);
			defaultConfigurationIsVisible = 0;
			defaultConfigurationName = Release;
		};
/* End XCConfigurationList section */
	};
	rootObject = 26FF329624206B3E0076F240 /* Project object */;
}
